# This file is autogenerated, do not edit; changes may be undone by the next 'dep ensure'.


[[projects]]
  digest = "1:9237537c86a765a2c6cc6c2da77946d831df5618cbf3c9000fa72dac49ab0106"
  name = "github.com/seehuhn/mt19937"
  packages = ["."]
  pruneopts = "UT"
  revision = "c71303bb1995a2eadfdc1956136a55e06790913a"
  version = "v1.0.0"

[solve-meta]
  analyzer-name = "dep"
  analyzer-version = 1
  input-imports = ["github.com/seehuhn/mt19937"]
  solver-name = "gps-cdcl"
  solver-version = 1
